
Microsoft Visual Studio Solution File, Format Version 12.00
# Visual Studio Version 17
VisualStudioVersion = 17.7.34031.279
MinimumVisualStudioVersion = 10.0.40219.1
Project("{FAE04EC0-301F-11D3-BF4B-00C04F79EFBC}") = "Library Management", "Library Management\Library Management.csproj", "{57328F9D-94FC-457A-92E8-4D1D59AEC4C4}"
EndProject
Global
	GlobalSection(SolutionConfigurationPlatforms) = preSolution
		Debug|Any CPU = Debug|Any CPU
		Release|Any CPU = Release|Any CPU
	EndGlobalSection
	GlobalSection(ProjectConfigurationPlatforms) = postSolution
		{57328F9D-94FC-457A-92E8-4D1D59AEC4C4}.Debug|Any CPU.ActiveCfg = Debug|Any CPU
		{57328F9D-94FC-457A-92E8-4D1D59AEC4C4}.Debug|Any CPU.Build.0 = Debug|Any CPU
		{57328F9D-94FC-457A-92E8-4D1D59AEC4C4}.Release|Any CPU.ActiveCfg = Release|Any CPU
		{57328F9D-94FC-457A-92E8-4D1D59AEC4C4}.Release|Any CPU.Build.0 = Release|Any CPU
	EndGlobalSection
	GlobalSection(SolutionProperties) = preSolution
		HideSolutionNode = FALSE
	EndGlobalSection
	GlobalSection(ExtensibilityGlobals) = postSolution
		SolutionGuid = {88315211-B2C6-409B-AC88-D93182C6475D}
	EndGlobalSection
EndGlobal
