
Microsoft Visual Studio Solution File, Format Version 12.00
# Visual Studio Version 17
VisualStudioVersion = 17.7.34031.279
MinimumVisualStudioVersion = 10.0.40219.1
Project("{FAE04EC0-301F-11D3-BF4B-00C04F79EFBC}") = "Maths", "Maths\Maths.csproj", "{624E180A-1814-4929-8624-837E5A273C0F}"
EndProject
Global
	GlobalSection(SolutionConfigurationPlatforms) = preSolution
		Debug|Any CPU = Debug|Any CPU
		Release|Any CPU = Release|Any CPU
	EndGlobalSection
	GlobalSection(ProjectConfigurationPlatforms) = postSolution
		{624E180A-1814-4929-8624-837E5A273C0F}.Debug|Any CPU.ActiveCfg = Debug|Any CPU
		{624E180A-1814-4929-8624-837E5A273C0F}.Debug|Any CPU.Build.0 = Debug|Any CPU
		{624E180A-1814-4929-8624-837E5A273C0F}.Release|Any CPU.ActiveCfg = Release|Any CPU
		{624E180A-1814-4929-8624-837E5A273C0F}.Release|Any CPU.Build.0 = Release|Any CPU
	EndGlobalSection
	GlobalSection(SolutionProperties) = preSolution
		HideSolutionNode = FALSE
	EndGlobalSection
	GlobalSection(ExtensibilityGlobals) = postSolution
		SolutionGuid = {82DFB16F-EF93-428D-AEFB-006960E8FE49}
	EndGlobalSection
EndGlobal
