
Microsoft Visual Studio Solution File, Format Version 12.00
# Visual Studio Version 17
VisualStudioVersion = 17.7.34031.279
MinimumVisualStudioVersion = 10.0.40219.1
Project("{FAE04EC0-301F-11D3-BF4B-00C04F79EFBC}") = "PhysicsEngine", "PhysicsEngine\PhysicsEngine.csproj", "{FEE4E07D-7E95-4858-BD2A-74D692DAA227}"
EndProject
Global
	GlobalSection(SolutionConfigurationPlatforms) = preSolution
		Debug|Any CPU = Debug|Any CPU
		Release|Any CPU = Release|Any CPU
	EndGlobalSection
	GlobalSection(ProjectConfigurationPlatforms) = postSolution
		{FEE4E07D-7E95-4858-BD2A-74D692DAA227}.Debug|Any CPU.ActiveCfg = Debug|Any CPU
		{FEE4E07D-7E95-4858-BD2A-74D692DAA227}.Debug|Any CPU.Build.0 = Debug|Any CPU
		{FEE4E07D-7E95-4858-BD2A-74D692DAA227}.Release|Any CPU.ActiveCfg = Release|Any CPU
		{FEE4E07D-7E95-4858-BD2A-74D692DAA227}.Release|Any CPU.Build.0 = Release|Any CPU
	EndGlobalSection
	GlobalSection(SolutionProperties) = preSolution
		HideSolutionNode = FALSE
	EndGlobalSection
	GlobalSection(ExtensibilityGlobals) = postSolution
		SolutionGuid = {DB985C93-CE94-45B4-8818-37E1D9128444}
	EndGlobalSection
EndGlobal
