
Microsoft Visual Studio Solution File, Format Version 12.00
# Visual Studio Version 17
VisualStudioVersion = 17.7.34031.279
MinimumVisualStudioVersion = 10.0.40219.1
Project("{FAE04EC0-301F-11D3-BF4B-00C04F79EFBC}") = "LoginLaunch", "LoginLaunch\LoginLaunch.csproj", "{8418B359-329B-49E9-AF1D-30075DD31747}"
EndProject
Global
	GlobalSection(SolutionConfigurationPlatforms) = preSolution
		Debug|Any CPU = Debug|Any CPU
		Release|Any CPU = Release|Any CPU
	EndGlobalSection
	GlobalSection(ProjectConfigurationPlatforms) = postSolution
		{8418B359-329B-49E9-AF1D-30075DD31747}.Debug|Any CPU.ActiveCfg = Debug|Any CPU
		{8418B359-329B-49E9-AF1D-30075DD31747}.Debug|Any CPU.Build.0 = Debug|Any CPU
		{8418B359-329B-49E9-AF1D-30075DD31747}.Release|Any CPU.ActiveCfg = Release|Any CPU
		{8418B359-329B-49E9-AF1D-30075DD31747}.Release|Any CPU.Build.0 = Release|Any CPU
	EndGlobalSection
	GlobalSection(SolutionProperties) = preSolution
		HideSolutionNode = FALSE
	EndGlobalSection
	GlobalSection(ExtensibilityGlobals) = postSolution
		SolutionGuid = {4833E913-E36D-4EA8-BEA4-C719B41371BB}
	EndGlobalSection
EndGlobal
