
Microsoft Visual Studio Solution File, Format Version 12.00
# Visual Studio Version 17
VisualStudioVersion = 17.7.34031.279
MinimumVisualStudioVersion = 10.0.40219.1
Project("{FAE04EC0-301F-11D3-BF4B-00C04F79EFBC}") = "ThePlayer", "ThePlayer\ThePlayer.csproj", "{A5C12373-408C-4B12-91B3-AB3D7F1FE289}"
EndProject
Global
	GlobalSection(SolutionConfigurationPlatforms) = preSolution
		Debug|Any CPU = Debug|Any CPU
		Release|Any CPU = Release|Any CPU
	EndGlobalSection
	GlobalSection(ProjectConfigurationPlatforms) = postSolution
		{A5C12373-408C-4B12-91B3-AB3D7F1FE289}.Debug|Any CPU.ActiveCfg = Debug|Any CPU
		{A5C12373-408C-4B12-91B3-AB3D7F1FE289}.Debug|Any CPU.Build.0 = Debug|Any CPU
		{A5C12373-408C-4B12-91B3-AB3D7F1FE289}.Release|Any CPU.ActiveCfg = Release|Any CPU
		{A5C12373-408C-4B12-91B3-AB3D7F1FE289}.Release|Any CPU.Build.0 = Release|Any CPU
	EndGlobalSection
	GlobalSection(SolutionProperties) = preSolution
		HideSolutionNode = FALSE
	EndGlobalSection
	GlobalSection(ExtensibilityGlobals) = postSolution
		SolutionGuid = {3395E4DA-5A76-420A-A8B4-47AC9D6BC567}
	EndGlobalSection
EndGlobal
